{
  "pins" : [
    {
      "identity" : "gtfs",
      "kind" : "remoteSourceControl",
      "location" : "https://github.com/emma-k-alexandra/GTFS.git",
      "state" : {
        "revision" : "92197f4c41aba53889a2db1e2e9d6dbe4022a223",
        "version" : "1.0.1"
      }
    },
    {
      "identity" : "swift-protobuf",
      "kind" : "remoteSourceControl",
      "location" : "https://github.com/apple/swift-protobuf.git",
      "state" : {
        "revision" : "ce20dc083ee485524b802669890291c0d8090170",
        "version" : "1.22.1"
      }
    }
  ],
  "version" : 2
}
